Microsoft Visual Studio Solution File, Format Version 12.00
# Visual Studio 2012
Project("{FAE04EC0-301F-11D3-BF4B-00C04F79EFBC}") = "Light texture renderer", "Light texture renderer.csproj", "{638E141A-B9CF-41BF-A6F5-CEAE333CCB6E}"
EndProject
Global
	GlobalSection(SolutionConfigurationPlatforms) = preSolution
	Debug|Any CPU = Debug|Any CPU
	ExportDebug|Any CPU = ExportDebug|Any CPU
	ExportRelease|Any CPU = ExportRelease|Any CPU
	EndGlobalSection
	GlobalSection(ProjectConfigurationPlatforms) = postSolution
		{638E141A-B9CF-41BF-A6F5-CEAE333CCB6E}.Debug|Any CPU.ActiveCfg = Debug|Any CPU
		{638E141A-B9CF-41BF-A6F5-CEAE333CCB6E}.Debug|Any CPU.Build.0 = Debug|Any CPU
		{638E141A-B9CF-41BF-A6F5-CEAE333CCB6E}.ExportDebug|Any CPU.ActiveCfg = ExportDebug|Any CPU
		{638E141A-B9CF-41BF-A6F5-CEAE333CCB6E}.ExportDebug|Any CPU.Build.0 = ExportDebug|Any CPU
		{638E141A-B9CF-41BF-A6F5-CEAE333CCB6E}.ExportRelease|Any CPU.ActiveCfg = ExportRelease|Any CPU
		{638E141A-B9CF-41BF-A6F5-CEAE333CCB6E}.ExportRelease|Any CPU.Build.0 = ExportRelease|Any CPU
	EndGlobalSection
EndGlobal
